// !$*UTF8*$!
{
	archiveVersion = 1;
	classes = {
	};
	objectVersion = 77;
	objects = {

/* Begin PBXContainerItemProxy section */
		5DFE15612E8A663000B88DA4 /* PBXContainerItemProxy */ = {
			isa = PBXContainerItemProxy;
			containerPortal = 5DFE154B2E8A662F00B88DA4 /* Project object */;
			proxyType = 1;
			remoteGlobalIDString = 5DFE15522E8A662F00B88DA4;
			remoteInfo = PresentMeApp;
		};
		5DFE156B2E8A663000B88DA4 /* PBXContainerItemProxy */ = {
			isa = PBXContainerItemProxy;
			containerPortal = 5DFE154B2E8A662F00B88DA4 /* Project object */;
			proxyType = 1;
			remoteGlobalIDString = 5DFE15522E8A662F00B88DA4;
			remoteInfo = PresentMeApp;
		};
/* End PBXContainerItemProxy section */

/* Begin PBXFileReference section */
		5DFE15532E8A662F00B88DA4 /* PresentMeApp.app */ = {isa = PBXFileReference; explicitFileType = wrapper.application; includeInIndex = 0; path = PresentMeApp.app; sourceTree = BUILT_PRODUCTS_DIR; };
		5DFE15602E8A663000B88DA4 /* PresentMeAppTests.xctest */ = {isa = PBXFileReference; explicitFileType = wrapper.cfbundle; includeInIndex = 0; path = PresentMeAppTests.xctest; sourceTree = BUILT_PRODUCTS_DIR; };
		5DFE156A2E8A663000B88DA4 /* PresentMeAppUITests.xctest */ = {isa = PBXFileReference; explicitFileType = wrapper.cfbundle; includeInIndex = 0; path = PresentMeAppUITests.xctest; sourceTree = BUILT_PRODUCTS_DIR; };
/* End PBXFileReference section */

/* Begin PBXFileSystemSynchronizedRootGroup section */
		5DFE15552E8A662F00B88DA4 /* PresentMeApp */ = {
			isa = PBXFileSystemSynchronizedRootGroup;
			path = PresentMeApp;
			sourceTree = "<group>";
		};
		5DFE15632E8A663000B88DA4 /* PresentMeAppTests */ = {
			isa = PBXFileSystemSynchronizedRootGroup;
			path = PresentMeAppTests;
			sourceTree = "<group>";
		};
		5DFE156D2E8A663000B88DA4 /* PresentMeAppUITests */ = {
			isa = PBXFileSystemSynchronizedRootGroup;
			path = PresentMeAppUITests;
			sourceTree = "<group>";
		};
/* End PBXFileSystemSynchronizedRootGroup section */

/* Begin PBXFrameworksBuildPhase section */
		5DFE15502E8A662F00B88DA4 /* Frameworks */ = {
			isa = PBXFrameworksBuildPhase;
			buildActionMask = 2147483647;
			files = (
			);
			runOnlyForDeploymentPostprocessing = 0;
		};
		5DFE155D2E8A663000B88DA4 /* Frameworks */ = {
			isa = PBXFrameworksBuildPhase;
			buildActionMask = 2147483647;
			files = (
			);
			runOnlyForDeploymentPostprocessing = 0;
		};
		5DFE15672E8A663000B88DA4 /* Frameworks */ = {
			isa = PBXFrameworksBuildPhase;
			buildActionMask = 2147483647;
			files = (
			);
			runOnlyForDeploymentPostprocessing = 0;
		};
/* End PBXFrameworksBuildPhase section */

/* Begin PBXGroup section */
		5DFE154A2E8A662F00B88DA4 = {
			isa = PBXGroup;
			children = (
				5DFE15552E8A662F00B88DA4 /* PresentMeApp */,
				5DFE15632E8A663000B88DA4 /* PresentMeAppTests */,
				5DFE156D2E8A663000B88DA4 /* PresentMeAppUITests */,
				5DFE15542E8A662F00B88DA4 /* Products */,
			);
			sourceTree = "<group>";
		};
		5DFE15542E8A662F00B88DA4 /* Products */ = {
			isa = PBXGroup;
			children = (
				5DFE15532E8A662F00B88DA4 /* PresentMeApp.app */,
				5DFE15602E8A663000B88DA4 /* PresentMeAppTests.xctest */,
				5DFE156A2E8A663000B88DA4 /* PresentMeAppUITests.xctest */,
			);
			name = Products;
			sourceTree = "<group>";
		};
/* End PBXGroup section */

/* Begin PBXNativeTarget section */
		5DFE15522E8A662F00B88DA4 /* PresentMeApp */ = {
			isa = PBXNativeTarget;
			buildConfigurationList = 5DFE15742E8A663000B88DA4 /* Build configuration list for PBXNativeTarget "PresentMeApp" */;
			buildPhases = (
				5DFE154F2E8A662F00B88DA4 /* Sources */,
				5DFE15502E8A662F00B88DA4 /* Frameworks */,
				5DFE15512E8A662F00B88DA4 /* Resources */,
			);
			buildRules = (
			);
			dependencies = (
			);
			fileSystemSynchronizedGroups = (
				5DFE15552E8A662F00B88DA4 /* PresentMeApp */,
			);
			name = PresentMeApp;
			packageProductDependencies = (
			);
			productName = PresentMeApp;
			productReference = 5DFE15532E8A662F00B88DA4 /* PresentMeApp.app */;
			productType = "com.apple.product-type.application";
		};
		5DFE155F2E8A663000B88DA4 /* PresentMeAppTests */ = {
			isa = PBXNativeTarget;
			buildConfigurationList = 5DFE15772E8A663000B88DA4 /* Build configuration list for PBXNativeTarget "PresentMeAppTests" */;
			buildPhases = (
				5DFE155C2E8A663000B88DA4 /* Sources */,
				5DFE155D2E8A663000B88DA4 /* Frameworks */,
				5DFE155E2E8A663000B88DA4 /* Resources */,
			);
			buildRules = (
			);
			dependencies = (
				5DFE15622E8A663000B88DA4 /* PBXTargetDependency */,
			);
			fileSystemSynchronizedGroups = (
				5DFE15632E8A663000B88DA4 /* PresentMeAppTests */,
			);
			name = PresentMeAppTests;
			packageProductDependencies = (
			);
			productName = PresentMeAppTests;
			productReference = 5DFE15602E8A663000B88DA4 /* PresentMeAppTests.xctest */;
			productType = "com.apple.product-type.bundle.unit-test";
		};
		5DFE15692E8A663000B88DA4 /* PresentMeAppUITests */ = {
			isa = PBXNativeTarget;
			buildConfigurationList = 5DFE157A2E8A663000B88DA4 /* Build configuration list for PBXNativeTarget "PresentMeAppUITests" */;
			buildPhases = (
				5DFE15662E8A663000B88DA4 /* Sources */,
				5DFE15672E8A663000B88DA4 /* Frameworks */,
				5DFE15682E8A663000B88DA4 /* Resources */,
			);
			buildRules = (
			);
			dependencies = (
				5DFE156C2E8A663000B88DA4 /* PBXTargetDependency */,
			);
			fileSystemSynchronizedGroups = (
				5DFE156D2E8A663000B88DA4 /* PresentMeAppUITests */,
			);
			name = PresentMeAppUITests;
			packageProductDependencies = (
			);
			productName = PresentMeAppUITests;
			productReference = 5DFE156A2E8A663000B88DA4 /* PresentMeAppUITests.xctest */;
			productType = "com.apple.product-type.bundle.ui-testing";
		};
/* End PBXNativeTarget section */

/* Begin PBXProject section */
		5DFE154B2E8A662F00B88DA4 /* Project object */ = {
			isa = PBXProject;
			attributes = {
				BuildIndependentTargetsInParallel = 1;
				LastSwiftUpdateCheck = 1640;
				LastUpgradeCheck = 1640;
				TargetAttributes = {
					5DFE15522E8A662F00B88DA4 = {
						CreatedOnToolsVersion = 16.4;
					};
					5DFE155F2E8A663000B88DA4 = {
						CreatedOnToolsVersion = 16.4;
						TestTargetID = 5DFE15522E8A662F00B88DA4;
					};
					5DFE15692E8A663000B88DA4 = {
						CreatedOnToolsVersion = 16.4;
						TestTargetID = 5DFE15522E8A662F00B88DA4;
					};
				};
			};
			buildConfigurationList = 5DFE154E2E8A662F00B88DA4 /* Build configuration list for PBXProject "PresentMeApp" */;
			developmentRegion = en;
			hasScannedForEncodings = 0;
			knownRegions = (
				en,
				Base,
			);
			mainGroup = 5DFE154A2E8A662F00B88DA4;
			minimizedProjectReferenceProxies = 1;
			preferredProjectObjectVersion = 77;
			productRefGroup = 5DFE15542E8A662F00B88DA4 /* Products */;
			projectDirPath = "";
			projectRoot = "";
			targets = (
				5DFE15522E8A662F00B88DA4 /* PresentMeApp */,
				5DFE155F2E8A663000B88DA4 /* PresentMeAppTests */,
				5DFE15692E8A663000B88DA4 /* PresentMeAppUITests */,
			);
		};
/* End PBXProject section */

/* Begin PBXResourcesBuildPhase section */
		5DFE15512E8A662F00B88DA4 /* Resources */ = {
			isa = PBXResourcesBuildPhase;
			buildActionMask = 2147483647;
			files = (
			);
			runOnlyForDeploymentPostprocessing = 0;
		};
		5DFE155E2E8A663000B88DA4 /* Resources */ = {
			isa = PBXResourcesBuildPhase;
			buildActionMask = 2147483647;
			files = (
			);
			runOnlyForDeploymentPostprocessing = 0;
		};
		5DFE15682E8A663000B88DA4 /* Resources */ = {
			isa = PBXResourcesBuildPhase;
			buildActionMask = 2147483647;
			files = (
			);
			runOnlyForDeploymentPostprocessing = 0;
		};
/* End PBXResourcesBuildPhase section */

/* Begin PBXSourcesBuildPhase section */
		5DFE154F2E8A662F00B88DA4 /* Sources */ = {
			isa = PBXSourcesBuildPhase;
			buildActionMask = 2147483647;
			files = (
			);
			runOnlyForDeploymentPostprocessing = 0;
		};
		5DFE155C2E8A663000B88DA4 /* Sources */ = {
			isa = PBXSourcesBuildPhase;
			buildActionMask = 2147483647;
			files = (
			);
			runOnlyForDeploymentPostprocessing = 0;
		};
		5DFE15662E8A663000B88DA4 /* Sources */ = {
			isa = PBXSourcesBuildPhase;
			buildActionMask = 2147483647;
			files = (
			);
			runOnlyForDeploymentPostprocessing = 0;
		};
/* End PBXSourcesBuildPhase section */

/* Begin PBXTargetDependency section */
		5DFE15622E8A663000B88DA4 /* PBXTargetDependency */ = {
			isa = PBXTargetDependency;
			target = 5DFE15522E8A662F00B88DA4 /* PresentMeApp */;
			targetProxy = 5DFE15612E8A663000B88DA4 /* PBXContainerItemProxy */;
		};
		5DFE156C2E8A663000B88DA4 /* PBXTargetDependency */ = {
			isa = PBXTargetDependency;
			target = 5DFE15522E8A662F00B88DA4 /* PresentMeApp */;
			targetProxy = 5DFE156B2E8A663000B88DA4 /* PBXContainerItemProxy */;
		};
/* End PBXTargetDependency section */

/* Begin XCBuildConfiguration section */
		5DFE15722E8A663000B88DA4 /* Debug */ = {
			isa = XCBuildConfiguration;
			buildSettings = {
				ALWAYS_SEARCH_USER_PATHS = NO;
				ASSETCATALOG_COMPILER_GENERATE_SWIFT_ASSET_SYMBOL_EXTENSIONS = YES;
				CLANG_ANALYZER_NONNULL = YES;
				CLANG_ANALYZER_NUMBER_OBJECT_CONVERSION = YES_AGGRESSIVE;
				CLANG_CXX_LANGUAGE_STANDARD = "gnu++20";
				CLANG_ENABLE_MODULES = YES;
				CLANG_ENABLE_OBJC_ARC = YES;
				CLANG_ENABLE_OBJC_WEAK = YES;
				CLANG_WARN_BLOCK_CAPTURE_AUTORELEASING = YES;
				CLANG_WARN_BOOL_CONVERSION = YES;
				CLANG_WARN_COMMA = YES;
				CLANG_WARN_CONSTANT_CONVERSION = YES;
				CLANG_WARN_DEPRECATED_OBJC_IMPLEMENTATIONS = YES;
				CLANG_WARN_DIRECT_OBJC_ISA_USAGE = YES_ERROR;
				CLANG_WARN_DOCUMENTATION_COMMENTS = YES;
				CLANG_WARN_EMPTY_BODY = YES;
				CLANG_WARN_ENUM_CONVERSION = YES;
				CLANG_WARN_INFINITE_RECURSION = YES;
				CLANG_WARN_INT_CONVERSION = YES;
				CLANG_WARN_NON_LITERAL_NULL_CONVERSION = YES;
				CLANG_WARN_OBJC_IMPLICIT_RETAIN_SELF = YES;
				CLANG_WARN_OBJC_LITERAL_CONVERSION = YES;
				CLANG_WARN_OBJC_ROOT_CLASS = YES_ERROR;
				CLANG_WARN_QUOTED_INCLUDE_IN_FRAMEWORK_HEADER = YES;
				CLANG_WARN_RANGE_LOOP_ANALYSIS = YES;
				CLANG_WARN_STRICT_PROTOTYPES = YES;
				CLANG_WARN_SUSPICIOUS_MOVE = YES;
				CLANG_WARN_UNGUARDED_AVAILABILITY = YES_AGGRESSIVE;
				CLANG_WARN_UNREACHABLE_CODE = YES;
				CLANG_WARN__DUPLICATE_METHOD_MATCH = YES;
				COPY_PHASE_STRIP = NO;
				DEBUG_INFORMATION_FORMAT = dwarf;
				ENABLE_STRICT_OBJC_MSGSEND = YES;
				ENABLE_TESTABILITY = YES;
				ENABLE_USER_SCRIPT_SANDBOXING = YES;
				GCC_C_LANGUAGE_STANDARD = gnu17;
				GCC_DYNAMIC_NO_PIC = NO;
				GCC_NO_COMMON_BLOCKS = YES;
				GCC_OPTIMIZATION_LEVEL = 0;
				GCC_PREPROCESSOR_DEFINITIONS = (
					"DEBUG=1",
					"$(inherited)",
				);
				GCC_WARN_64_TO_32_BIT_CONVERSION = YES;
				GCC_WARN_ABOUT_RETURN_TYPE = YES_ERROR;
				GCC_WARN_UNDECLARED_SELECTOR = YES;
				GCC_WARN_UNINITIALIZED_AUTOS = YES_AGGRESSIVE;
				GCC_WARN_UNUSED_FUNCTION = YES;
				GCC_WARN_UNUSED_VARIABLE = YES;
				IPHONEOS_DEPLOYMENT_TARGET = 18.5;
				LOCALIZATION_PREFERS_STRING_CATALOGS = YES;
				MTL_ENABLE_DEBUG_INFO = INCLUDE_SOURCE;
				MTL_FAST_MATH = YES;
				ONLY_ACTIVE_ARCH = YES;
				SDKROOT = iphoneos;
				SWIFT_ACTIVE_COMPILATION_CONDITIONS = "DEBUG $(inherited)";
				SWIFT_OPTIMIZATION_LEVEL = "-Onone";
			};
			name = Debug;
		};
		5DFE15732E8A663000B88DA4 /* Release */ = {
			isa = XCBuildConfiguration;
			buildSettings = {
				ALWAYS_SEARCH_USER_PATHS = NO;
				ASSETCATALOG_COMPILER_GENERATE_SWIFT_ASSET_SYMBOL_EXTENSIONS = YES;
				CLANG_ANALYZER_NONNULL = YES;
				CLANG_ANALYZER_NUMBER_OBJECT_CONVERSION = YES_AGGRESSIVE;
				CLANG_CXX_LANGUAGE_STANDARD = "gnu++20";
				CLANG_ENABLE_MODULES = YES;
				CLANG_ENABLE_OBJC_ARC = YES;
				CLANG_ENABLE_OBJC_WEAK = YES;
				CLANG_WARN_BLOCK_CAPTURE_AUTORELEASING = YES;
				CLANG_WARN_BOOL_CONVERSION = YES;
				CLANG_WARN_COMMA = YES;
				CLANG_WARN_CONSTANT_CONVERSION = YES;
				CLANG_WARN_DEPRECATED_OBJC_IMPLEMENTATIONS = YES;
				CLANG_WARN_DIRECT_OBJC_ISA_USAGE = YES_ERROR;
				CLANG_WARN_DOCUMENTATION_COMMENTS = YES;
				CLANG_WARN_EMPTY_BODY = YES;
				CLANG_WARN_ENUM_CONVERSION = YES;
				CLANG_WARN_INFINITE_RECURSION = YES;
				CLANG_WARN_INT_CONVERSION = YES;
				CLANG_WARN_NON_LITERAL_NULL_CONVERSION = YES;
				CLANG_WARN_OBJC_IMPLICIT_RETAIN_SELF = YES;
				CLANG_WARN_OBJC_LITERAL_CONVERSION = YES;
				CLANG_WARN_OBJC_ROOT_CLASS = YES_ERROR;
				CLANG_WARN_QUOTED_INCLUDE_IN_FRAMEWORK_HEADER = YES;
				CLANG_WARN_RANGE_LOOP_ANALYSIS = YES;
				CLANG_WARN_STRICT_PROTOTYPES = YES;
				CLANG_WARN_SUSPICIOUS_MOVE = YES;
				CLANG_WARN_UNGUARDED_AVAILABILITY = YES_AGGRESSIVE;
				CLANG_WARN_UNREACHABLE_CODE = YES;
				CLANG_WARN__DUPLICATE_METHOD_MATCH = YES;
				COPY_PHASE_STRIP = NO;
				DEBUG_INFORMATION_FORMAT = "dwarf-with-dsym";
				ENABLE_NS_ASSERTIONS = NO;
				ENABLE_STRICT_OBJC_MSGSEND = YES;
				ENABLE_USER_SCRIPT_SANDBOXING = YES;
				GCC_C_LANGUAGE_STANDARD = gnu17;
				GCC_NO_COMMON_BLOCKS = YES;
				GCC_WARN_64_TO_32_BIT_CONVERSION = YES;
				GCC_WARN_ABOUT_RETURN_TYPE = YES_ERROR;
				GCC_WARN_UNDECLARED_SELECTOR = YES;
				GCC_WARN_UNINITIALIZED_AUTOS = YES_AGGRESSIVE;
				GCC_WARN_UNUSED_FUNCTION = YES;
				GCC_WARN_UNUSED_VARIABLE = YES;
				IPHONEOS_DEPLOYMENT_TARGET = 18.5;
				LOCALIZATION_PREFERS_STRING_CATALOGS = YES;
				MTL_ENABLE_DEBUG_INFO = NO;
				MTL_FAST_MATH = YES;
				SDKROOT = iphoneos;
				SWIFT_COMPILATION_MODE = wholemodule;
				VALIDATE_PRODUCT = YES;
			};
			name = Release;
		};
		5DFE15752E8A663000B88DA4 /* Debug */ = {
			isa = XCBuildConfiguration;
			buildSettings = {
				ASSETCATALOG_COMPILER_APPICON_NAME = AppIcon;
				ASSETCATALOG_COMPILER_GLOBAL_ACCENT_COLOR_NAME = AccentColor;
				CODE_SIGN_STYLE = Automatic;
				CURRENT_PROJECT_VERSION = 1;
				ENABLE_PREVIEWS = YES;
				GENERATE_INFOPLIST_FILE = YES;
				INFOPLIST_KEY_UIApplicationSceneManifest_Generation = YES;
				INFOPLIST_KEY_UIApplicationSupportsIndirectInputEvents = YES;
				INFOPLIST_KEY_UILaunchScreen_Generation = YES;
				INFOPLIST_KEY_UISupportedInterfaceOrientations_iPad = "UIInterfaceOrientationPortrait UIInterfaceOrientationPortraitUpsideDown UIInterfaceOrientationLandscapeLeft UIInterfaceOrientationLandscapeRight";
				INFOPLIST_KEY_UISupportedInterfaceOrientations_iPhone = "UIInterfaceOrientationPortrait UIInterfaceOrientationLandscapeLeft UIInterfaceOrientationLandscapeRight";
				LD_RUNPATH_SEARCH_PATHS = (
					"$(inherited)",
					"@executable_path/Frameworks",
				);
				MARKETING_VERSION = 1.0;
				PRODUCT_BUNDLE_IDENTIFIER = com.jana.PresentMeApp;
				PRODUCT_NAME = "$(TARGET_NAME)";
				SWIFT_EMIT_LOC_STRINGS = YES;
				SWIFT_VERSION = 5.0;
				TARGETED_DEVICE_FAMILY = "1,2";
			};
			name = Debug;
		};
		5DFE15762E8A663000B88DA4 /* Release */ = {
			isa = XCBuildConfiguration;
			buildSettings = {
				ASSETCATALOG_COMPILER_APPICON_NAME = AppIcon;
				ASSETCATALOG_COMPILER_GLOBAL_ACCENT_COLOR_NAME = AccentColor;
				CODE_SIGN_STYLE = Automatic;
				CURRENT_PROJECT_VERSION = 1;
				ENABLE_PREVIEWS = YES;
				GENERATE_INFOPLIST_FILE = YES;
				INFOPLIST_KEY_UIApplicationSceneManifest_Generation = YES;
				INFOPLIST_KEY_UIApplicationSupportsIndirectInputEvents = YES;
				INFOPLIST_KEY_UILaunchScreen_Generation = YES;
				INFOPLIST_KEY_UISupportedInterfaceOrientations_iPad = "UIInterfaceOrientationPortrait UIInterfaceOrientationPortraitUpsideDown UIInterfaceOrientationLandscapeLeft UIInterfaceOrientationLandscapeRight";
				INFOPLIST_KEY_UISupportedInterfaceOrientations_iPhone = "UIInterfaceOrientationPortrait UIInterfaceOrientationLandscapeLeft UIInterfaceOrientationLandscapeRight";
				LD_RUNPATH_SEARCH_PATHS = (
					"$(inherited)",
					"@executable_path/Frameworks",
				);
				MARKETING_VERSION = 1.0;
				PRODUCT_BUNDLE_IDENTIFIER = com.jana.PresentMeApp;
				PRODUCT_NAME = "$(TARGET_NAME)";
				SWIFT_EMIT_LOC_STRINGS = YES;
				SWIFT_VERSION = 5.0;
				TARGETED_DEVICE_FAMILY = "1,2";
			};
			name = Release;
		};
		5DFE15782E8A663000B88DA4 /* Debug */ = {
			isa = XCBuildConfiguration;
			buildSettings = {
				BUNDLE_LOADER = "$(TEST_HOST)";
				CODE_SIGN_STYLE = Automatic;
				CURRENT_PROJECT_VERSION = 1;
				GENERATE_INFOPLIST_FILE = YES;
				IPHONEOS_DEPLOYMENT_TARGET = 18.5;
				MARKETING_VERSION = 1.0;
				PRODUCT_BUNDLE_IDENTIFIER = com.jana.PresentMeAppTests;
				PRODUCT_NAME = "$(TARGET_NAME)";
				SWIFT_EMIT_LOC_STRINGS = NO;
				SWIFT_VERSION = 5.0;
				TARGETED_DEVICE_FAMILY = "1,2";
				TEST_HOST = "$(BUILT_PRODUCTS_DIR)/PresentMeApp.app/$(BUNDLE_EXECUTABLE_FOLDER_PATH)/PresentMeApp";
			};
			name = Debug;
		};
		5DFE15792E8A663000B88DA4 /* Release */ = {
			isa = XCBuildConfiguration;
			buildSettings = {
				BUNDLE_LOADER = "$(TEST_HOST)";
				CODE_SIGN_STYLE = Automatic;
				CURRENT_PROJECT_VERSION = 1;
				GENERATE_INFOPLIST_FILE = YES;
				IPHONEOS_DEPLOYMENT_TARGET = 18.5;
				MARKETING_VERSION = 1.0;
				PRODUCT_BUNDLE_IDENTIFIER = com.jana.PresentMeAppTests;
				PRODUCT_NAME = "$(TARGET_NAME)";
				SWIFT_EMIT_LOC_STRINGS = NO;
				SWIFT_VERSION = 5.0;
				TARGETED_DEVICE_FAMILY = "1,2";
				TEST_HOST = "$(BUILT_PRODUCTS_DIR)/PresentMeApp.app/$(BUNDLE_EXECUTABLE_FOLDER_PATH)/PresentMeApp";
			};
			name = Release;
		};
		5DFE157B2E8A663000B88DA4 /* Debug */ = {
			isa = XCBuildConfiguration;
			buildSettings = {
				CODE_SIGN_STYLE = Automatic;
				CURRENT_PROJECT_VERSION = 1;
				GENERATE_INFOPLIST_FILE = YES;
				MARKETING_VERSION = 1.0;
				PRODUCT_BUNDLE_IDENTIFIER = com.jana.PresentMeAppUITests;
				PRODUCT_NAME = "$(TARGET_NAME)";
				SWIFT_EMIT_LOC_STRINGS = NO;
				SWIFT_VERSION = 5.0;
				TARGETED_DEVICE_FAMILY = "1,2";
				TEST_TARGET_NAME = PresentMeApp;
			};
			name = Debug;
		};
		5DFE157C2E8A663000B88DA4 /* Release */ = {
			isa = XCBuildConfiguration;
			buildSettings = {
				CODE_SIGN_STYLE = Automatic;
				CURRENT_PROJECT_VERSION = 1;
				GENERATE_INFOPLIST_FILE = YES;
				MARKETING_VERSION = 1.0;
				PRODUCT_BUNDLE_IDENTIFIER = com.jana.PresentMeAppUITests;
				PRODUCT_NAME = "$(TARGET_NAME)";
				SWIFT_EMIT_LOC_STRINGS = NO;
				SWIFT_VERSION = 5.0;
				TARGETED_DEVICE_FAMILY = "1,2";
				TEST_TARGET_NAME = PresentMeApp;
			};
			name = Release;
		};
/* End XCBuildConfiguration section */

/* Begin XCConfigurationList section */
		5DFE154E2E8A662F00B88DA4 /* Build configuration list for PBXProject "PresentMeApp" */ = {
			isa = XCConfigurationList;
			buildConfigurations = (
				5DFE15722E8A663000B88DA4 /* Debug */,
				5DFE15732E8A663000B88DA4 /* Release */,
			);
			defaultConfigurationIsVisible = 0;
			defaultConfigurationName = Release;
		};
		5DFE15742E8A663000B88DA4 /* Build configuration list for PBXNativeTarget "PresentMeApp" */ = {
			isa = XCConfigurationList;
			buildConfigurations = (
				5DFE15752E8A663000B88DA4 /* Debug */,
				5DFE15762E8A663000B88DA4 /* Release */,
			);
			defaultConfigurationIsVisible = 0;
			defaultConfigurationName = Release;
		};
		5DFE15772E8A663000B88DA4 /* Build configuration list for PBXNativeTarget "PresentMeAppTests" */ = {
			isa = XCConfigurationList;
			buildConfigurations = (
				5DFE15782E8A663000B88DA4 /* Debug */,
				5DFE15792E8A663000B88DA4 /* Release */,
			);
			defaultConfigurationIsVisible = 0;
			defaultConfigurationName = Release;
		};
		5DFE157A2E8A663000B88DA4 /* Build configuration list for PBXNativeTarget "PresentMeAppUITests" */ = {
			isa = XCConfigurationList;
			buildConfigurations = (
				5DFE157B2E8A663000B88DA4 /* Debug */,
				5DFE157C2E8A663000B88DA4 /* Release */,
			);
			defaultConfigurationIsVisible = 0;
			defaultConfigurationName = Release;
		};
/* End XCConfigurationList section */
	};
	rootObject = 5DFE154B2E8A662F00B88DA4 /* Project object */;
}
